
Microsoft Visual Studio Solution File, Format Version 12.00
# Visual Studio Version 16
VisualStudioVersion = 16.0.29613.14
MinimumVisualStudioVersion = 10.0.40219.1
Project("{8BC9CEB8-8B4A-11D0-8D11-00A0C91BC942}") = "MatrixUtil", "MatrixUtil\MatrixUtil.vcxproj", "{0260CA3C-6730-4FB9-A754-97BE2ABAD770}"
EndProject
Global
	GlobalSection(SolutionConfigurationPlatforms) = preSolution
		Debug|x64 = Debug|x64
		Debug|x86 = Debug|x86
		Release|x64 = Release|x64
		Release|x86 = Release|x86
	EndGlobalSection
	GlobalSection(ProjectConfigurationPlatforms) = postSolution
		{0260CA3C-6730-4FB9-A754-97BE2ABAD770}.Debug|x64.ActiveCfg = Debug|x64
		{0260CA3C-6730-4FB9-A754-97BE2ABAD770}.Debug|x64.Build.0 = Debug|x64
		{0260CA3C-6730-4FB9-A754-97BE2ABAD770}.Debug|x86.ActiveCfg = Debug|Win32
		{0260CA3C-6730-4FB9-A754-97BE2ABAD770}.Debug|x86.Build.0 = Debug|Win32
		{0260CA3C-6730-4FB9-A754-97BE2ABAD770}.Release|x64.ActiveCfg = Release|x64
		{0260CA3C-6730-4FB9-A754-97BE2ABAD770}.Release|x64.Build.0 = Release|x64
		{0260CA3C-6730-4FB9-A754-97BE2ABAD770}.Release|x86.ActiveCfg = Release|Win32
		{0260CA3C-6730-4FB9-A754-97BE2ABAD770}.Release|x86.Build.0 = Release|Win32
	EndGlobalSection
	GlobalSection(SolutionProperties) = preSolution
		HideSolutionNode = FALSE
	EndGlobalSection
	GlobalSection(ExtensibilityGlobals) = postSolution
		SolutionGuid = {AEF97548-C4C8-4831-BDAC-F1B77E87060D}
	EndGlobalSection
EndGlobal
